<?xml version="1.0" encoding="utf-8"?>
<Project ToolsVersion="4.0" xmlns="http://schemas.microsoft.com/developer/msbuild/2003">
  <ItemGroup>
    <Filter Include="Source Files">
      <UniqueIdentifier>{4FC737F1-C7A5-4376-A066-2A32D752A2FF}</UniqueIdentifier>
      <Extensions>cpp;c;cc;cxx;def;odl;idl;hpj;bat;asm;asmx</Extensions>
    </Filter>
    <Filter Include="Header Files">
      <UniqueIdentifier>{93995380-89BD-4b04-88EB-625FBE52EBFB}</UniqueIdentifier>
      <Extensions>h;hpp;hxx;hm;inl;inc;xsd</Extensions>
    </Filter>
    <Filter Include="Resource Files">
      <UniqueIdentifier>{67DA6AB6-F800-4c08-8B7A-83BB121AAD01}</UniqueIdentifier>
      <Extensions>rc;ico;cur;bmp;dlg;rc2;rct;bin;rgs;gif;jpg;jpeg;jpe;resx;tiff;tif;png;wav;mfcribbon-ms</Extensions>
    </Filter>
    <Filter Include="rom">
      <UniqueIdentifier>{45ba401d-b32e-404e-8538-3b4b6b55c058}</UniqueIdentifier>
    </Filter>
  </ItemGroup>
  <ItemGroup>
    <ClInclude Include="..\src\libsasmemu\C64MachineState.h">
      <Filter>Header Files</Filter>
    </ClInclude>
    <ClInclude Include="..\src\libsasmemu\DebugEvaluators.h">
      <Filter>Header Files</Filter>
    </ClInclude>
    <ClInclude Include="..\src\libsasmemu\DebuggerState.h">
      <Filter>Header Files</Filter>
    </ClInclude>
    <ClInclude Include="..\src\libsasmemu\Profiling.h">
      <Filter>Header Files</Filter>
    </ClInclude>
    <ClInclude Include="..\src\libsasmemu\TraceOperand.h">
      <Filter>Header Files</Filter>
    </ClInclude>
    <ClInclude Include="..\src\libsasmemu\Monitor.h">
      <Filter>Header Files</Filter>
    </ClInclude>
    <ClInclude Include="..\src\libsasmemu\CIA.h">
      <Filter>Header Files</Filter>
    </ClInclude>
    <ClInclude Include="..\src\libsasmemu\VIC-II.h">
      <Filter>Header Files</Filter>
    </ClInclude>
    <ClInclude Include="..\src\libsasmemu\ROM.h">
      <Filter>Header Files</Filter>
    </ClInclude>
    <ClInclude Include="..\src\libsasmemu\PLA.h">
      <Filter>Header Files</Filter>
    </ClInclude>
    <ClInclude Include="..\src\libsasmemu\MemoryMappedDevice.h">
      <Filter>Header Files</Filter>
    </ClInclude>
    <ClInclude Include="..\src\libsasmemu\FullEmu.h">
      <Filter>Header Files</Filter>
    </ClInclude>
    <ClInclude Include="..\src\libsasmemu\IODevice.h">
      <Filter>Header Files</Filter>
    </ClInclude>
    <ClInclude Include="..\src\libsasmemu\SID.h">
      <Filter>Header Files</Filter>
    </ClInclude>
  </ItemGroup>
  <ItemGroup>
    <ClCompile Include="..\src\libsasmemu\DebugEvaluators.cpp">
      <Filter>Source Files</Filter>
    </ClCompile>
    <ClCompile Include="..\src\libsasmemu\DebuggerState.cpp">
      <Filter>Source Files</Filter>
    </ClCompile>
    <ClCompile Include="..\src\libsasmemu\C64MachineState.cpp">
      <Filter>Source Files</Filter>
    </ClCompile>
    <ClCompile Include="..\src\libsasmemu\Profiling.cpp">
      <Filter>Source Files</Filter>
    </ClCompile>
    <ClCompile Include="..\src\libsasmemu\TraceOperand.cpp">
      <Filter>Source Files</Filter>
    </ClCompile>
    <ClCompile Include="..\src\libsasmemu\Monitor.cpp">
      <Filter>Source Files</Filter>
    </ClCompile>
    <ClCompile Include="..\src\libsasmemu\CIA.cpp">
      <Filter>Source Files</Filter>
    </ClCompile>
    <ClCompile Include="..\src\libsasmemu\VIC-II.cpp">
      <Filter>Source Files</Filter>
    </ClCompile>
    <ClCompile Include="..\src\libsasmemu\ROM.cpp">
      <Filter>Source Files</Filter>
    </ClCompile>
    <ClCompile Include="..\src\libsasmemu\PLA.cpp">
      <Filter>Source Files</Filter>
    </ClCompile>
    <ClCompile Include="..\src\libsasmemu\MemoryMappedDevice.cpp">
      <Filter>Source Files</Filter>
    </ClCompile>
    <ClCompile Include="..\src\libsasmemu\FullEmu.cpp">
      <Filter>Source Files</Filter>
    </ClCompile>
    <ClCompile Include="..\src\libsasmemu\basic.c">
      <Filter>rom</Filter>
    </ClCompile>
    <ClCompile Include="..\src\libsasmemu\chargen.c">
      <Filter>rom</Filter>
    </ClCompile>
    <ClCompile Include="..\src\libsasmemu\kernal.c">
      <Filter>rom</Filter>
    </ClCompile>
    <ClCompile Include="..\src\libsasmemu\IODevice.cpp">
      <Filter>Source Files</Filter>
    </ClCompile>
    <ClCompile Include="..\src\libsasmemu\SID.cpp">
      <Filter>Source Files</Filter>
    </ClCompile>
  </ItemGroup>
</Project>